PODS:
  - Adjust (4.33.4):
    - Adjust/Core (= 4.33.4)
  - Adjust/Core (4.33.4)
  - AppLovinSDK (11.10.1)
  - tempo-applovin-mediation (1.0.2):
    - AppLovinSDK
    - TempoSDK (= 1.0.2)
  - TempoSDK (1.0.2)

DEPENDENCIES:
  - Adjust
  - AppLovinSDK
  - tempo-applovin-mediation (from `../`)

SPEC REPOS:
  trunk:
    - Adjust
    - AppLovinSDK
    - TempoSDK

EXTERNAL SOURCES:
  tempo-applovin-mediation:
    :path: "../"

SPEC CHECKSUMS:
  Adjust: 4690e07ea401ee56d4d3f4f5bdad86c94f51903f
  AppLovinSDK: a76e8ec3d34fb172c7a32c15efe6805e070c918a
  tempo-applovin-mediation: 5eb10eb6b4100400070bcef6fe89533f8cb0a875
  TempoSDK: e0de8bacd9857e3f53f8fd6fce47bcca526d900e

PODFILE CHECKSUM: 280678affdf59aca9dd6e0ba3d10eef98bca8ee0

COCOAPODS: 1.11.3
