PODS:
  - Adjust (4.35.1):
    - Adjust/Core (= 4.35.1)
  - Adjust/Core (4.35.1)
  - AppLovinSDK (11.11.3)
  - tempo-applovin-mediation (1.2.4-rc.0):
    - AppLovinSDK
    - TempoSDK (= 1.3.0)
  - TempoSDK (1.3.0)

DEPENDENCIES:
  - Adjust
  - AppLovinSDK
  - tempo-applovin-mediation (from `../`)

SPEC REPOS:
  trunk:
    - Adjust
    - AppLovinSDK
    - TempoSDK

EXTERNAL SOURCES:
  tempo-applovin-mediation:
    :path: "../"

SPEC CHECKSUMS:
  Adjust: 63c56c81b420738f927fbc19e5cf4f34fd39d572
  AppLovinSDK: 623ef78363c0dd2c3ff5446cde37e4920a96b7e0
  tempo-applovin-mediation: ce86e80a924d5c8bb2b9f47b96ba69ca0891fb3a
  TempoSDK: d9f35fd26e858b675ea24bea4f2f3d2119fff4a9

PODFILE CHECKSUM: 280678affdf59aca9dd6e0ba3d10eef98bca8ee0

COCOAPODS: 1.13.0
