PODS:
  - Adjust (4.38.4):
    - Adjust/Core (= 4.38.4)
  - Adjust/Core (4.38.4)
  - AppLovinSDK (13.1.0)
  - tempo-applovin-mediation (1.9.5-rc.0):
    - AppLovinSDK (< 14.0)
    - TempoSDK (= 1.8.3-rc.0)
  - TempoSDK (1.8.3-rc.0)

DEPENDENCIES:
  - Adjust
  - AppLovinSDK
  - tempo-applovin-mediation (from `../`)

SPEC REPOS:
  trunk:
    - Adjust
    - AppLovinSDK
    - TempoSDK

EXTERNAL SOURCES:
  tempo-applovin-mediation:
    :path: "../"

SPEC CHECKSUMS:
  Adjust: afda46df69f035fd216310fb85f399c40c61830a
  AppLovinSDK: 539a0178d8bef4d68b2551a93526e0c1bba06cb2
  tempo-applovin-mediation: 9ed59df82b78a3aadc313c4dfe85b04d7e1a2091
  TempoSDK: 4005ec5cb7d11dfd6665bd4cb821902b32566378

PODFILE CHECKSUM: 280678affdf59aca9dd6e0ba3d10eef98bca8ee0

COCOAPODS: 1.13.0
